
Microsoft Visual Studio Solution File, Format Version 12.00
# Visual Studio Version 17
VisualStudioVersion = 17.1.32328.378
MinimumVisualStudioVersion = 10.0.40219.1
Project("{9A19103F-16F7-4668-BE54-9A1E7A4F7556}") = "id_validator_api", "id_validator_api\id_validator_api.csproj", "{36553A64-B2C2-4A2E-8448-9C4F6C097423}"
EndProject
Project("{FAE04EC0-301F-11D3-BF4B-00C04F79EFBC}") = "IdValidator.Tests", "IdValidator.Tests\IdValidator.Tests.csproj", "{8EB3F20D-1272-454D-BC51-B49AF7D0351F}"
EndProject
Global
	GlobalSection(SolutionConfigurationPlatforms) = preSolution
		Debug|Any CPU = Debug|Any CPU
		Release|Any CPU = Release|Any CPU
	EndGlobalSection
	GlobalSection(ProjectConfigurationPlatforms) = postSolution
		{36553A64-B2C2-4A2E-8448-9C4F6C097423}.Debug|Any CPU.ActiveCfg = Debug|Any CPU
		{36553A64-B2C2-4A2E-8448-9C4F6C097423}.Debug|Any CPU.Build.0 = Debug|Any CPU
		{36553A64-B2C2-4A2E-8448-9C4F6C097423}.Release|Any CPU.ActiveCfg = Release|Any CPU
		{36553A64-B2C2-4A2E-8448-9C4F6C097423}.Release|Any CPU.Build.0 = Release|Any CPU
		{8EB3F20D-1272-454D-BC51-B49AF7D0351F}.Debug|Any CPU.ActiveCfg = Debug|Any CPU
		{8EB3F20D-1272-454D-BC51-B49AF7D0351F}.Debug|Any CPU.Build.0 = Debug|Any CPU
		{8EB3F20D-1272-454D-BC51-B49AF7D0351F}.Release|Any CPU.ActiveCfg = Release|Any CPU
		{8EB3F20D-1272-454D-BC51-B49AF7D0351F}.Release|Any CPU.Build.0 = Release|Any CPU
	EndGlobalSection
	GlobalSection(SolutionProperties) = preSolution
		HideSolutionNode = FALSE
	EndGlobalSection
	GlobalSection(ExtensibilityGlobals) = postSolution
		SolutionGuid = {17381CB6-ED5C-4DD8-9FF0-4B6DB54A8FFF}
	EndGlobalSection
EndGlobal
